
Microsoft Visual Studio Solution File, Format Version 12.00
# Visual Studio Version 16
VisualStudioVersion = 16.0.31613.86
MinimumVisualStudioVersion = 10.0.40219.1
Project("{FAE04EC0-301F-11D3-BF4B-00C04F79EFBC}") = "Students", "Students\Students.csproj", "{5DCC6B14-EC49-470F-8DE8-D685807E9C2F}"
EndProject
Global
	GlobalSection(SolutionConfigurationPlatforms) = preSolution
		Debug|Any CPU = Debug|Any CPU
		Release|Any CPU = Release|Any CPU
	EndGlobalSection
	GlobalSection(ProjectConfigurationPlatforms) = postSolution
		{5DCC6B14-EC49-470F-8DE8-D685807E9C2F}.Debug|Any CPU.ActiveCfg = Debug|Any CPU
		{5DCC6B14-EC49-470F-8DE8-D685807E9C2F}.Debug|Any CPU.Build.0 = Debug|Any CPU
		{5DCC6B14-EC49-470F-8DE8-D685807E9C2F}.Release|Any CPU.ActiveCfg = Release|Any CPU
		{5DCC6B14-EC49-470F-8DE8-D685807E9C2F}.Release|Any CPU.Build.0 = Release|Any CPU
	EndGlobalSection
	GlobalSection(SolutionProperties) = preSolution
		HideSolutionNode = FALSE
	EndGlobalSection
	GlobalSection(ExtensibilityGlobals) = postSolution
		SolutionGuid = {DCF57DFD-C042-484F-A1B8-64CECE41316B}
	EndGlobalSection
EndGlobal
